
Microsoft Visual Studio Solution File, Format Version 12.00
# Visual Studio Version 16
VisualStudioVersion = 16.0.32630.194
MinimumVisualStudioVersion = 10.0.40219.1
Project("{FAE04EC0-301F-11D3-BF4B-00C04F79EFBC}") = "Donor", "Donor\Donor.csproj", "{23953DCE-C354-4AC3-9157-411E746A8959}"
EndProject
Global
	GlobalSection(SolutionConfigurationPlatforms) = preSolution
		Debug|Any CPU = Debug|Any CPU
		Release|Any CPU = Release|Any CPU
	EndGlobalSection
	GlobalSection(ProjectConfigurationPlatforms) = postSolution
		{23953DCE-C354-4AC3-9157-411E746A8959}.Debug|Any CPU.ActiveCfg = Debug|Any CPU
		{23953DCE-C354-4AC3-9157-411E746A8959}.Debug|Any CPU.Build.0 = Debug|Any CPU
		{23953DCE-C354-4AC3-9157-411E746A8959}.Release|Any CPU.ActiveCfg = Release|Any CPU
		{23953DCE-C354-4AC3-9157-411E746A8959}.Release|Any CPU.Build.0 = Release|Any CPU
	EndGlobalSection
	GlobalSection(SolutionProperties) = preSolution
		HideSolutionNode = FALSE
	EndGlobalSection
	GlobalSection(ExtensibilityGlobals) = postSolution
		SolutionGuid = {3A408112-9BD0-4124-A2C4-2E75AF191A06}
	EndGlobalSection
EndGlobal
